// !$*UTF8*$!
{
	archiveVersion = 1;
	classes = {
	};
	objectVersion = 50;
	objects = {

/* Begin PBXBuildFile section */
		DA17551A2311798F00EEA8F4 /* BitUtilTest.swift in Sources */ = {isa = PBXBuildFile; fileRef = DA1755192311798F00EEA8F4 /* BitUtilTest.swift */; };
		DA17551B23117ADA00EEA8F4 /* BitUtil.swift in Sources */ = {isa = PBXBuildFile; fileRef = DA219FA22310D0DB00C95805 /* BitUtil.swift */; };
		DA17551C23117AE000EEA8F4 /* Pyraminx.swift in Sources */ = {isa = PBXBuildFile; fileRef = DA219FA02310BEF600C95805 /* Pyraminx.swift */; };
		DA219F7D230D853D00C95805 /* PlayerMove.swift in Sources */ = {isa = PBXBuildFile; fileRef = DA53F3C222FB52D8000A5B35 /* PlayerMove.swift */; };
		DA219F7E230D853D00C95805 /* MockAlgorithm.swift in Sources */ = {isa = PBXBuildFile; fileRef = DA62293D2304C54C0077EAB5 /* MockAlgorithm.swift */; };
		DA219F7F230D853D00C95805 /* GuessingGameH.swift in Sources */ = {isa = PBXBuildFile; fileRef = DA6229042301B82A0077EAB5 /* GuessingGameH.swift */; };
		DA219F80230D853D00C95805 /* WinLoseH.swift in Sources */ = {isa = PBXBuildFile; fileRef = DA62293B2303AD6F0077EAB5 /* WinLoseH.swift */; };
		DA219F81230D853D00C95805 /* main.swift in Sources */ = {isa = PBXBuildFile; fileRef = DA257F7022FB502600CD90FD /* main.swift */; };
		DA219F82230D853D00C95805 /* Util.swift in Sources */ = {isa = PBXBuildFile; fileRef = DA53F3DF22FC5B67000A5B35 /* Util.swift */; };
		DA219F84230D853D00C95805 /* MockGame.swift in Sources */ = {isa = PBXBuildFile; fileRef = DA6229062301B8CE0077EAB5 /* MockGame.swift */; };
		DA219F85230D853D00C95805 /* GuessingGame.swift in Sources */ = {isa = PBXBuildFile; fileRef = DA53F3C422FB5735000A5B35 /* GuessingGame.swift */; };
		DA219F86230D853D00C95805 /* Protocols.swift in Sources */ = {isa = PBXBuildFile; fileRef = DA53F3C022FB51A2000A5B35 /* Protocols.swift */; };
		DA219F97230F75CC00C95805 /* PlayerMove.swift in Sources */ = {isa = PBXBuildFile; fileRef = DA53F3C222FB52D8000A5B35 /* PlayerMove.swift */; };
		DA219F98230F780700C95805 /* Util.swift in Sources */ = {isa = PBXBuildFile; fileRef = DA53F3DF22FC5B67000A5B35 /* Util.swift */; };
		DA219F99230F780700C95805 /* main.swift in Sources */ = {isa = PBXBuildFile; fileRef = DA257F7022FB502600CD90FD /* main.swift */; };
		DA219F9D2310B63700C95805 /* GussingGameHTest.swift in Sources */ = {isa = PBXBuildFile; fileRef = DA219F9C2310B63700C95805 /* GussingGameHTest.swift */; };
		DA219F9F2310B78100C95805 /* GuessingGameTest.swift in Sources */ = {isa = PBXBuildFile; fileRef = DA219F9E2310B78100C95805 /* GuessingGameTest.swift */; };
		DA219FA12310BEF600C95805 /* Pyraminx.swift in Sources */ = {isa = PBXBuildFile; fileRef = DA219FA02310BEF600C95805 /* Pyraminx.swift */; };
		DA219FA32310D0DB00C95805 /* BitUtil.swift in Sources */ = {isa = PBXBuildFile; fileRef = DA219FA22310D0DB00C95805 /* BitUtil.swift */; };
		DA344B0C2323333200DCDC15 /* PyraminxTest.swift in Sources */ = {isa = PBXBuildFile; fileRef = DA344B0B2323333200DCDC15 /* PyraminxTest.swift */; };
		DA62292B2301C3B60077EAB5 /* MockGameTest.swift in Sources */ = {isa = PBXBuildFile; fileRef = DA62292A2301C3B60077EAB5 /* MockGameTest.swift */; };
		DA6229302301CA0C0077EAB5 /* GuessingGame.swift in Sources */ = {isa = PBXBuildFile; fileRef = DA53F3C422FB5735000A5B35 /* GuessingGame.swift */; };
		DA6229312301CA0C0077EAB5 /* MockGame.swift in Sources */ = {isa = PBXBuildFile; fileRef = DA6229062301B8CE0077EAB5 /* MockGame.swift */; };
		DA6229322301CA0C0077EAB5 /* GuessingGameH.swift in Sources */ = {isa = PBXBuildFile; fileRef = DA6229042301B82A0077EAB5 /* GuessingGameH.swift */; };
		DA6229342301CA0C0077EAB5 /* Protocols.swift in Sources */ = {isa = PBXBuildFile; fileRef = DA53F3C022FB51A2000A5B35 /* Protocols.swift */; };
		DA6229402304C6980077EAB5 /* MockAlgorithmTest.swift in Sources */ = {isa = PBXBuildFile; fileRef = DA62293F2304C6980077EAB5 /* MockAlgorithmTest.swift */; };
		DA6229412304C9430077EAB5 /* MockAlgorithm.swift in Sources */ = {isa = PBXBuildFile; fileRef = DA62293D2304C54C0077EAB5 /* MockAlgorithm.swift */; };
		DA6229422304C9490077EAB5 /* WinLoseH.swift in Sources */ = {isa = PBXBuildFile; fileRef = DA62293B2303AD6F0077EAB5 /* WinLoseH.swift */; };
		DA6229492305A7200077EAB5 /* WinLoadHTest.swift in Sources */ = {isa = PBXBuildFile; fileRef = DA6229482305A7200077EAB5 /* WinLoadHTest.swift */; };
/* End PBXBuildFile section */

/* Begin PBXCopyFilesBuildPhase section */
		DA219F88230D853D00C95805 /* CopyFiles */ = {
			isa = PBXCopyFilesBuildPhase;
			buildActionMask = 2147483647;
			dstPath = /usr/share/man/man1/;
			dstSubfolderSpec = 0;
			files = (
			);
			runOnlyForDeploymentPostprocessing = 1;
		};
/* End PBXCopyFilesBuildPhase section */

/* Begin PBXFileReference section */
		DA1755192311798F00EEA8F4 /* BitUtilTest.swift */ = {isa = PBXFileReference; lastKnownFileType = sourcecode.swift; path = BitUtilTest.swift; sourceTree = "<group>"; };
		DA219F8C230D853D00C95805 /* Solver */ = {isa = PBXFileReference; explicitFileType = "compiled.mach-o.executable"; includeInIndex = 0; path = Solver; sourceTree = BUILT_PRODUCTS_DIR; };
		DA219F9C2310B63700C95805 /* GussingGameHTest.swift */ = {isa = PBXFileReference; lastKnownFileType = sourcecode.swift; path = GussingGameHTest.swift; sourceTree = "<group>"; };
		DA219F9E2310B78100C95805 /* GuessingGameTest.swift */ = {isa = PBXFileReference; lastKnownFileType = sourcecode.swift; path = GuessingGameTest.swift; sourceTree = "<group>"; };
		DA219FA02310BEF600C95805 /* Pyraminx.swift */ = {isa = PBXFileReference; lastKnownFileType = sourcecode.swift; path = Pyraminx.swift; sourceTree = "<group>"; };
		DA219FA22310D0DB00C95805 /* BitUtil.swift */ = {isa = PBXFileReference; lastKnownFileType = sourcecode.swift; path = BitUtil.swift; sourceTree = "<group>"; };
		DA257F7022FB502600CD90FD /* main.swift */ = {isa = PBXFileReference; lastKnownFileType = sourcecode.swift; path = main.swift; sourceTree = "<group>"; };
		DA344B0B2323333200DCDC15 /* PyraminxTest.swift */ = {isa = PBXFileReference; lastKnownFileType = sourcecode.swift; path = PyraminxTest.swift; sourceTree = "<group>"; };
		DA53F3C022FB51A2000A5B35 /* Protocols.swift */ = {isa = PBXFileReference; lastKnownFileType = sourcecode.swift; path = Protocols.swift; sourceTree = "<group>"; };
		DA53F3C222FB52D8000A5B35 /* PlayerMove.swift */ = {isa = PBXFileReference; lastKnownFileType = sourcecode.swift; path = PlayerMove.swift; sourceTree = "<group>"; };
		DA53F3C422FB5735000A5B35 /* GuessingGame.swift */ = {isa = PBXFileReference; lastKnownFileType = sourcecode.swift; path = GuessingGame.swift; sourceTree = "<group>"; };
		DA53F3DF22FC5B67000A5B35 /* Util.swift */ = {isa = PBXFileReference; lastKnownFileType = sourcecode.swift; path = Util.swift; sourceTree = "<group>"; };
		DA6229042301B82A0077EAB5 /* GuessingGameH.swift */ = {isa = PBXFileReference; lastKnownFileType = sourcecode.swift; path = GuessingGameH.swift; sourceTree = "<group>"; };
		DA6229062301B8CE0077EAB5 /* MockGame.swift */ = {isa = PBXFileReference; lastKnownFileType = sourcecode.swift; path = MockGame.swift; sourceTree = "<group>"; };
		DA6229282301C3B60077EAB5 /* GameTest.xctest */ = {isa = PBXFileReference; explicitFileType = wrapper.cfbundle; includeInIndex = 0; path = GameTest.xctest; sourceTree = BUILT_PRODUCTS_DIR; };
		DA62292A2301C3B60077EAB5 /* MockGameTest.swift */ = {isa = PBXFileReference; lastKnownFileType = sourcecode.swift; path = MockGameTest.swift; sourceTree = "<group>"; };
		DA62292C2301C3B60077EAB5 /* Info.plist */ = {isa = PBXFileReference; lastKnownFileType = text.plist.xml; path = Info.plist; sourceTree = "<group>"; };
		DA62293B2303AD6F0077EAB5 /* WinLoseH.swift */ = {isa = PBXFileReference; lastKnownFileType = sourcecode.swift; path = WinLoseH.swift; sourceTree = "<group>"; };
		DA62293D2304C54C0077EAB5 /* MockAlgorithm.swift */ = {isa = PBXFileReference; lastKnownFileType = sourcecode.swift; path = MockAlgorithm.swift; sourceTree = "<group>"; };
		DA62293F2304C6980077EAB5 /* MockAlgorithmTest.swift */ = {isa = PBXFileReference; lastKnownFileType = sourcecode.swift; path = MockAlgorithmTest.swift; sourceTree = "<group>"; };
		DA6229482305A7200077EAB5 /* WinLoadHTest.swift */ = {isa = PBXFileReference; lastKnownFileType = sourcecode.swift; path = WinLoadHTest.swift; sourceTree = "<group>"; };
/* End PBXFileReference section */

/* Begin PBXFrameworksBuildPhase section */
		DA219F87230D853D00C95805 /* Frameworks */ = {
			isa = PBXFrameworksBuildPhase;
			buildActionMask = 2147483647;
			files = (
			);
			runOnlyForDeploymentPostprocessing = 0;
		};
		DA6229252301C3B60077EAB5 /* Frameworks */ = {
			isa = PBXFrameworksBuildPhase;
			buildActionMask = 2147483647;
			files = (
			);
			runOnlyForDeploymentPostprocessing = 0;
		};
/* End PBXFrameworksBuildPhase section */

/* Begin PBXGroup section */
		DA1755182311795300EEA8F4 /* Other */ = {
			isa = PBXGroup;
			children = (
				DA1755192311798F00EEA8F4 /* BitUtilTest.swift */,
			);
			path = Other;
			sourceTree = "<group>";
		};
		DA257F6422FB502600CD90FD = {
			isa = PBXGroup;
			children = (
				DA257F6F22FB502600CD90FD /* Solver */,
				DA6229292301C3B60077EAB5 /* GameTest */,
				DA257F6E22FB502600CD90FD /* Products */,
			);
			sourceTree = "<group>";
		};
		DA257F6E22FB502600CD90FD /* Products */ = {
			isa = PBXGroup;
			children = (
				DA6229282301C3B60077EAB5 /* GameTest.xctest */,
				DA219F8C230D853D00C95805 /* Solver */,
			);
			name = Products;
			sourceTree = "<group>";
		};
		DA257F6F22FB502600CD90FD /* Solver */ = {
			isa = PBXGroup;
			children = (
				DA53F3BF22FB5187000A5B35 /* CommenModel */,
				DA53F3BC22FB509F000A5B35 /* Model */,
				DA53F3BB22FB5098000A5B35 /* Heuristic */,
				DA53F3BA22FB506F000A5B35 /* Algorithm */,
				DA53F3C022FB51A2000A5B35 /* Protocols.swift */,
				DA53F3DF22FC5B67000A5B35 /* Util.swift */,
				DA257F7022FB502600CD90FD /* main.swift */,
			);
			path = Solver;
			sourceTree = "<group>";
		};
		DA53F3BA22FB506F000A5B35 /* Algorithm */ = {
			isa = PBXGroup;
			children = (
				DA53F3C222FB52D8000A5B35 /* PlayerMove.swift */,
				DA62293D2304C54C0077EAB5 /* MockAlgorithm.swift */,
			);
			path = Algorithm;
			sourceTree = "<group>";
		};
		DA53F3BB22FB5098000A5B35 /* Heuristic */ = {
			isa = PBXGroup;
			children = (
				DA6229042301B82A0077EAB5 /* GuessingGameH.swift */,
				DA62293B2303AD6F0077EAB5 /* WinLoseH.swift */,
			);
			path = Heuristic;
			sourceTree = "<group>";
		};
		DA53F3BC22FB509F000A5B35 /* Model */ = {
			isa = PBXGroup;
			children = (
				DA53F3C422FB5735000A5B35 /* GuessingGame.swift */,
				DA6229062301B8CE0077EAB5 /* MockGame.swift */,
				DA219FA02310BEF600C95805 /* Pyraminx.swift */,
			);
			path = Model;
			sourceTree = "<group>";
		};
		DA53F3BF22FB5187000A5B35 /* CommenModel */ = {
			isa = PBXGroup;
			children = (
				DA219FA22310D0DB00C95805 /* BitUtil.swift */,
			);
			path = CommenModel;
			sourceTree = "<group>";
		};
		DA6229292301C3B60077EAB5 /* GameTest */ = {
			isa = PBXGroup;
			children = (
				DA1755182311795300EEA8F4 /* Other */,
				DA6229452304C9D40077EAB5 /* Algorithm */,
				DA6229442304C9C30077EAB5 /* Heuristic */,
				DA6229432304C9B50077EAB5 /* Model */,
				DA62292C2301C3B60077EAB5 /* Info.plist */,
			);
			path = GameTest;
			sourceTree = "<group>";
		};
		DA6229432304C9B50077EAB5 /* Model */ = {
			isa = PBXGroup;
			children = (
				DA62292A2301C3B60077EAB5 /* MockGameTest.swift */,
				DA219F9E2310B78100C95805 /* GuessingGameTest.swift */,
				DA344B0B2323333200DCDC15 /* PyraminxTest.swift */,
			);
			path = Model;
			sourceTree = "<group>";
		};
		DA6229442304C9C30077EAB5 /* Heuristic */ = {
			isa = PBXGroup;
			children = (
				DA6229482305A7200077EAB5 /* WinLoadHTest.swift */,
				DA219F9C2310B63700C95805 /* GussingGameHTest.swift */,
			);
			path = Heuristic;
			sourceTree = "<group>";
		};
		DA6229452304C9D40077EAB5 /* Algorithm */ = {
			isa = PBXGroup;
			children = (
				DA62293F2304C6980077EAB5 /* MockAlgorithmTest.swift */,
			);
			path = Algorithm;
			sourceTree = "<group>";
		};
/* End PBXGroup section */

/* Begin PBXNativeTarget section */
		DA219F7B230D853D00C95805 /* Solver */ = {
			isa = PBXNativeTarget;
			buildConfigurationList = DA219F89230D853D00C95805 /* Build configuration list for PBXNativeTarget "Solver" */;
			buildPhases = (
				DA219F7C230D853D00C95805 /* Sources */,
				DA219F87230D853D00C95805 /* Frameworks */,
				DA219F88230D853D00C95805 /* CopyFiles */,
			);
			buildRules = (
			);
			dependencies = (
			);
			name = Solver;
			productName = Solver;
			productReference = DA219F8C230D853D00C95805 /* Solver */;
			productType = "com.apple.product-type.tool";
		};
		DA6229272301C3B60077EAB5 /* GameTest */ = {
			isa = PBXNativeTarget;
			buildConfigurationList = DA62292D2301C3B60077EAB5 /* Build configuration list for PBXNativeTarget "GameTest" */;
			buildPhases = (
				DA6229242301C3B60077EAB5 /* Sources */,
				DA6229252301C3B60077EAB5 /* Frameworks */,
				DA6229262301C3B60077EAB5 /* Resources */,
			);
			buildRules = (
			);
			dependencies = (
			);
			name = GameTest;
			productName = GameTest;
			productReference = DA6229282301C3B60077EAB5 /* GameTest.xctest */;
			productType = "com.apple.product-type.bundle.unit-test";
		};
/* End PBXNativeTarget section */

/* Begin PBXProject section */
		DA257F6522FB502600CD90FD /* Project object */ = {
			isa = PBXProject;
			attributes = {
				LastSwiftUpdateCheck = 1030;
				LastUpgradeCheck = 1030;
				ORGANIZATIONNAME = Toby;
				TargetAttributes = {
					DA6229272301C3B60077EAB5 = {
						CreatedOnToolsVersion = 10.3;
					};
				};
			};
			buildConfigurationList = DA257F6822FB502600CD90FD /* Build configuration list for PBXProject "Solver" */;
			compatibilityVersion = "Xcode 9.3";
			developmentRegion = en;
			hasScannedForEncodings = 0;
			knownRegions = (
				en,
			);
			mainGroup = DA257F6422FB502600CD90FD;
			productRefGroup = DA257F6E22FB502600CD90FD /* Products */;
			projectDirPath = "";
			projectRoot = "";
			targets = (
				DA6229272301C3B60077EAB5 /* GameTest */,
				DA219F7B230D853D00C95805 /* Solver */,
			);
		};
/* End PBXProject section */

/* Begin PBXResourcesBuildPhase section */
		DA6229262301C3B60077EAB5 /* Resources */ = {
			isa = PBXResourcesBuildPhase;
			buildActionMask = 2147483647;
			files = (
			);
			runOnlyForDeploymentPostprocessing = 0;
		};
/* End PBXResourcesBuildPhase section */

/* Begin PBXSourcesBuildPhase section */
		DA219F7C230D853D00C95805 /* Sources */ = {
			isa = PBXSourcesBuildPhase;
			buildActionMask = 2147483647;
			files = (
				DA219FA32310D0DB00C95805 /* BitUtil.swift in Sources */,
				DA219F7D230D853D00C95805 /* PlayerMove.swift in Sources */,
				DA219F7E230D853D00C95805 /* MockAlgorithm.swift in Sources */,
				DA219F7F230D853D00C95805 /* GuessingGameH.swift in Sources */,
				DA219F80230D853D00C95805 /* WinLoseH.swift in Sources */,
				DA219F81230D853D00C95805 /* main.swift in Sources */,
				DA219F82230D853D00C95805 /* Util.swift in Sources */,
				DA219F84230D853D00C95805 /* MockGame.swift in Sources */,
				DA219F85230D853D00C95805 /* GuessingGame.swift in Sources */,
				DA219F86230D853D00C95805 /* Protocols.swift in Sources */,
				DA219FA12310BEF600C95805 /* Pyraminx.swift in Sources */,
			);
			runOnlyForDeploymentPostprocessing = 0;
		};
		DA6229242301C3B60077EAB5 /* Sources */ = {
			isa = PBXSourcesBuildPhase;
			buildActionMask = 2147483647;
			files = (
				DA219F9F2310B78100C95805 /* GuessingGameTest.swift in Sources */,
				DA219F98230F780700C95805 /* Util.swift in Sources */,
				DA6229422304C9490077EAB5 /* WinLoseH.swift in Sources */,
				DA219F9D2310B63700C95805 /* GussingGameHTest.swift in Sources */,
				DA219F99230F780700C95805 /* main.swift in Sources */,
				DA17551B23117ADA00EEA8F4 /* BitUtil.swift in Sources */,
				DA6229412304C9430077EAB5 /* MockAlgorithm.swift in Sources */,
				DA6229302301CA0C0077EAB5 /* GuessingGame.swift in Sources */,
				DA219F97230F75CC00C95805 /* PlayerMove.swift in Sources */,
				DA6229312301CA0C0077EAB5 /* MockGame.swift in Sources */,
				DA6229322301CA0C0077EAB5 /* GuessingGameH.swift in Sources */,
				DA6229402304C6980077EAB5 /* MockAlgorithmTest.swift in Sources */,
				DA6229342301CA0C0077EAB5 /* Protocols.swift in Sources */,
				DA17551A2311798F00EEA8F4 /* BitUtilTest.swift in Sources */,
				DA6229492305A7200077EAB5 /* WinLoadHTest.swift in Sources */,
				DA62292B2301C3B60077EAB5 /* MockGameTest.swift in Sources */,
				DA17551C23117AE000EEA8F4 /* Pyraminx.swift in Sources */,
				DA344B0C2323333200DCDC15 /* PyraminxTest.swift in Sources */,
			);
			runOnlyForDeploymentPostprocessing = 0;
		};
/* End PBXSourcesBuildPhase section */

/* Begin XCBuildConfiguration section */
		DA219F8A230D853D00C95805 /* Debug */ = {
			isa = XCBuildConfiguration;
			buildSettings = {
				CODE_SIGN_STYLE = Automatic;
				PRODUCT_NAME = "$(TARGET_NAME)";
				SWIFT_VERSION = 5.0;
			};
			name = Debug;
		};
		DA219F8B230D853D00C95805 /* Release */ = {
			isa = XCBuildConfiguration;
			buildSettings = {
				CODE_SIGN_STYLE = Automatic;
				PRODUCT_NAME = "$(TARGET_NAME)";
				SWIFT_VERSION = 5.0;
			};
			name = Release;
		};
		DA257F7222FB502600CD90FD /* Debug */ = {
			isa = XCBuildConfiguration;
			buildSettings = {
				ALWAYS_SEARCH_USER_PATHS = NO;
				CLANG_ANALYZER_NONNULL = YES;
				CLANG_ANALYZER_NUMBER_OBJECT_CONVERSION = YES_AGGRESSIVE;
				CLANG_CXX_LANGUAGE_STANDARD = "gnu++14";
				CLANG_CXX_LIBRARY = "libc++";
				CLANG_ENABLE_MODULES = YES;
				CLANG_ENABLE_OBJC_ARC = YES;
				CLANG_ENABLE_OBJC_WEAK = YES;
				CLANG_WARN_BLOCK_CAPTURE_AUTORELEASING = YES;
				CLANG_WARN_BOOL_CONVERSION = YES;
				CLANG_WARN_COMMA = YES;
				CLANG_WARN_CONSTANT_CONVERSION = YES;
				CLANG_WARN_DEPRECATED_OBJC_IMPLEMENTATIONS = YES;
				CLANG_WARN_DIRECT_OBJC_ISA_USAGE = YES_ERROR;
				CLANG_WARN_DOCUMENTATION_COMMENTS = YES;
				CLANG_WARN_EMPTY_BODY = YES;
				CLANG_WARN_ENUM_CONVERSION = YES;
				CLANG_WARN_INFINITE_RECURSION = YES;
				CLANG_WARN_INT_CONVERSION = YES;
				CLANG_WARN_NON_LITERAL_NULL_CONVERSION = YES;
				CLANG_WARN_OBJC_IMPLICIT_RETAIN_SELF = YES;
				CLANG_WARN_OBJC_LITERAL_CONVERSION = YES;
				CLANG_WARN_OBJC_ROOT_CLASS = YES_ERROR;
				CLANG_WARN_RANGE_LOOP_ANALYSIS = YES;
				CLANG_WARN_STRICT_PROTOTYPES = YES;
				CLANG_WARN_SUSPICIOUS_MOVE = YES;
				CLANG_WARN_UNGUARDED_AVAILABILITY = YES_AGGRESSIVE;
				CLANG_WARN_UNREACHABLE_CODE = YES;
				CLANG_WARN__DUPLICATE_METHOD_MATCH = YES;
				CODE_SIGN_IDENTITY = "-";
				COPY_PHASE_STRIP = NO;
				DEBUG_INFORMATION_FORMAT = dwarf;
				ENABLE_STRICT_OBJC_MSGSEND = YES;
				ENABLE_TESTABILITY = YES;
				GCC_C_LANGUAGE_STANDARD = gnu11;
				GCC_DYNAMIC_NO_PIC = NO;
				GCC_NO_COMMON_BLOCKS = YES;
				GCC_OPTIMIZATION_LEVEL = 0;
				GCC_PREPROCESSOR_DEFINITIONS = (
					"DEBUG=1",
					"$(inherited)",
				);
				GCC_WARN_64_TO_32_BIT_CONVERSION = YES;
				GCC_WARN_ABOUT_RETURN_TYPE = YES_ERROR;
				GCC_WARN_UNDECLARED_SELECTOR = YES;
				GCC_WARN_UNINITIALIZED_AUTOS = YES_AGGRESSIVE;
				GCC_WARN_UNUSED_FUNCTION = YES;
				GCC_WARN_UNUSED_VARIABLE = YES;
				MACOSX_DEPLOYMENT_TARGET = 10.14;
				MTL_ENABLE_DEBUG_INFO = INCLUDE_SOURCE;
				MTL_FAST_MATH = YES;
				ONLY_ACTIVE_ARCH = YES;
				SDKROOT = macosx;
				SWIFT_ACTIVE_COMPILATION_CONDITIONS = DEBUG;
				SWIFT_OPTIMIZATION_LEVEL = "-Onone";
			};
			name = Debug;
		};
		DA257F7322FB502600CD90FD /* Release */ = {
			isa = XCBuildConfiguration;
			buildSettings = {
				ALWAYS_SEARCH_USER_PATHS = NO;
				CLANG_ANALYZER_NONNULL = YES;
				CLANG_ANALYZER_NUMBER_OBJECT_CONVERSION = YES_AGGRESSIVE;
				CLANG_CXX_LANGUAGE_STANDARD = "gnu++14";
				CLANG_CXX_LIBRARY = "libc++";
				CLANG_ENABLE_MODULES = YES;
				CLANG_ENABLE_OBJC_ARC = YES;
				CLANG_ENABLE_OBJC_WEAK = YES;
				CLANG_WARN_BLOCK_CAPTURE_AUTORELEASING = YES;
				CLANG_WARN_BOOL_CONVERSION = YES;
				CLANG_WARN_COMMA = YES;
				CLANG_WARN_CONSTANT_CONVERSION = YES;
				CLANG_WARN_DEPRECATED_OBJC_IMPLEMENTATIONS = YES;
				CLANG_WARN_DIRECT_OBJC_ISA_USAGE = YES_ERROR;
				CLANG_WARN_DOCUMENTATION_COMMENTS = YES;
				CLANG_WARN_EMPTY_BODY = YES;
				CLANG_WARN_ENUM_CONVERSION = YES;
				CLANG_WARN_INFINITE_RECURSION = YES;
				CLANG_WARN_INT_CONVERSION = YES;
				CLANG_WARN_NON_LITERAL_NULL_CONVERSION = YES;
				CLANG_WARN_OBJC_IMPLICIT_RETAIN_SELF = YES;
				CLANG_WARN_OBJC_LITERAL_CONVERSION = YES;
				CLANG_WARN_OBJC_ROOT_CLASS = YES_ERROR;
				CLANG_WARN_RANGE_LOOP_ANALYSIS = YES;
				CLANG_WARN_STRICT_PROTOTYPES = YES;
				CLANG_WARN_SUSPICIOUS_MOVE = YES;
				CLANG_WARN_UNGUARDED_AVAILABILITY = YES_AGGRESSIVE;
				CLANG_WARN_UNREACHABLE_CODE = YES;
				CLANG_WARN__DUPLICATE_METHOD_MATCH = YES;
				CODE_SIGN_IDENTITY = "-";
				COPY_PHASE_STRIP = NO;
				DEBUG_INFORMATION_FORMAT = "dwarf-with-dsym";
				ENABLE_NS_ASSERTIONS = NO;
				ENABLE_STRICT_OBJC_MSGSEND = YES;
				GCC_C_LANGUAGE_STANDARD = gnu11;
				GCC_NO_COMMON_BLOCKS = YES;
				GCC_WARN_64_TO_32_BIT_CONVERSION = YES;
				GCC_WARN_ABOUT_RETURN_TYPE = YES_ERROR;
				GCC_WARN_UNDECLARED_SELECTOR = YES;
				GCC_WARN_UNINITIALIZED_AUTOS = YES_AGGRESSIVE;
				GCC_WARN_UNUSED_FUNCTION = YES;
				GCC_WARN_UNUSED_VARIABLE = YES;
				MACOSX_DEPLOYMENT_TARGET = 10.14;
				MTL_ENABLE_DEBUG_INFO = NO;
				MTL_FAST_MATH = YES;
				SDKROOT = macosx;
				SWIFT_COMPILATION_MODE = wholemodule;
				SWIFT_OPTIMIZATION_LEVEL = "-O";
			};
			name = Release;
		};
		DA62292E2301C3B60077EAB5 /* Debug */ = {
			isa = XCBuildConfiguration;
			buildSettings = {
				CODE_SIGN_STYLE = Automatic;
				COMBINE_HIDPI_IMAGES = YES;
				INFOPLIST_FILE = GameTest/Info.plist;
				LD_RUNPATH_SEARCH_PATHS = (
					"$(inherited)",
					"@executable_path/../Frameworks",
					"@loader_path/../Frameworks",
				);
				PRODUCT_BUNDLE_IDENTIFIER = Toby.GameTest;
				PRODUCT_NAME = "$(TARGET_NAME)";
				SWIFT_VERSION = 5.0;
			};
			name = Debug;
		};
		DA62292F2301C3B60077EAB5 /* Release */ = {
			isa = XCBuildConfiguration;
			buildSettings = {
				CODE_SIGN_STYLE = Automatic;
				COMBINE_HIDPI_IMAGES = YES;
				INFOPLIST_FILE = GameTest/Info.plist;
				LD_RUNPATH_SEARCH_PATHS = (
					"$(inherited)",
					"@executable_path/../Frameworks",
					"@loader_path/../Frameworks",
				);
				PRODUCT_BUNDLE_IDENTIFIER = Toby.GameTest;
				PRODUCT_NAME = "$(TARGET_NAME)";
				SWIFT_VERSION = 5.0;
			};
			name = Release;
		};
/* End XCBuildConfiguration section */

/* Begin XCConfigurationList section */
		DA219F89230D853D00C95805 /* Build configuration list for PBXNativeTarget "Solver" */ = {
			isa = XCConfigurationList;
			buildConfigurations = (
				DA219F8A230D853D00C95805 /* Debug */,
				DA219F8B230D853D00C95805 /* Release */,
			);
			defaultConfigurationIsVisible = 0;
			defaultConfigurationName = Release;
		};
		DA257F6822FB502600CD90FD /* Build configuration list for PBXProject "Solver" */ = {
			isa = XCConfigurationList;
			buildConfigurations = (
				DA257F7222FB502600CD90FD /* Debug */,
				DA257F7322FB502600CD90FD /* Release */,
			);
			defaultConfigurationIsVisible = 0;
			defaultConfigurationName = Release;
		};
		DA62292D2301C3B60077EAB5 /* Build configuration list for PBXNativeTarget "GameTest" */ = {
			isa = XCConfigurationList;
			buildConfigurations = (
				DA62292E2301C3B60077EAB5 /* Debug */,
				DA62292F2301C3B60077EAB5 /* Release */,
			);
			defaultConfigurationIsVisible = 0;
			defaultConfigurationName = Release;
		};
/* End XCConfigurationList section */
	};
	rootObject = DA257F6522FB502600CD90FD /* Project object */;
}
