// !$*UTF8*$!
{
	archiveVersion = 1;
	classes = {
	};
	objectVersion = 50;
	objects = {

/* Begin PBXBuildFile section */
		DA257F7122FB502600CD90FD /* main.swift in Sources */ = {isa = PBXBuildFile; fileRef = DA257F7022FB502600CD90FD /* main.swift */; };
		DA53F3C122FB51A2000A5B35 /* Protocols.swift in Sources */ = {isa = PBXBuildFile; fileRef = DA53F3C022FB51A2000A5B35 /* Protocols.swift */; };
		DA53F3C322FB52D8000A5B35 /* PlayerMove.swift in Sources */ = {isa = PBXBuildFile; fileRef = DA53F3C222FB52D8000A5B35 /* PlayerMove.swift */; };
		DA53F3C522FB5735000A5B35 /* GussingGame.swift in Sources */ = {isa = PBXBuildFile; fileRef = DA53F3C422FB5735000A5B35 /* GussingGame.swift */; };
		DA53F3E022FC5B67000A5B35 /* Util.swift in Sources */ = {isa = PBXBuildFile; fileRef = DA53F3DF22FC5B67000A5B35 /* Util.swift */; };
/* End PBXBuildFile section */

/* Begin PBXCopyFilesBuildPhase section */
		DA257F6B22FB502600CD90FD /* CopyFiles */ = {
			isa = PBXCopyFilesBuildPhase;
			buildActionMask = 2147483647;
			dstPath = /usr/share/man/man1/;
			dstSubfolderSpec = 0;
			files = (
			);
			runOnlyForDeploymentPostprocessing = 1;
		};
/* End PBXCopyFilesBuildPhase section */

/* Begin PBXFileReference section */
		DA257F6D22FB502600CD90FD /* Solver */ = {isa = PBXFileReference; explicitFileType = "compiled.mach-o.executable"; includeInIndex = 0; path = Solver; sourceTree = BUILT_PRODUCTS_DIR; };
		DA257F7022FB502600CD90FD /* main.swift */ = {isa = PBXFileReference; lastKnownFileType = sourcecode.swift; path = main.swift; sourceTree = "<group>"; };
		DA53F3C022FB51A2000A5B35 /* Protocols.swift */ = {isa = PBXFileReference; lastKnownFileType = sourcecode.swift; path = Protocols.swift; sourceTree = "<group>"; };
		DA53F3C222FB52D8000A5B35 /* PlayerMove.swift */ = {isa = PBXFileReference; lastKnownFileType = sourcecode.swift; path = PlayerMove.swift; sourceTree = "<group>"; };
		DA53F3C422FB5735000A5B35 /* GussingGame.swift */ = {isa = PBXFileReference; lastKnownFileType = sourcecode.swift; path = GussingGame.swift; sourceTree = "<group>"; };
		DA53F3DF22FC5B67000A5B35 /* Util.swift */ = {isa = PBXFileReference; lastKnownFileType = sourcecode.swift; path = Util.swift; sourceTree = "<group>"; };
/* End PBXFileReference section */

/* Begin PBXFrameworksBuildPhase section */
		DA257F6A22FB502600CD90FD /* Frameworks */ = {
			isa = PBXFrameworksBuildPhase;
			buildActionMask = 2147483647;
			files = (
			);
			runOnlyForDeploymentPostprocessing = 0;
		};
/* End PBXFrameworksBuildPhase section */

/* Begin PBXGroup section */
		DA257F6422FB502600CD90FD = {
			isa = PBXGroup;
			children = (
				DA257F6F22FB502600CD90FD /* Solver */,
				DA257F6E22FB502600CD90FD /* Products */,
			);
			sourceTree = "<group>";
		};
		DA257F6E22FB502600CD90FD /* Products */ = {
			isa = PBXGroup;
			children = (
				DA257F6D22FB502600CD90FD /* Solver */,
			);
			name = Products;
			sourceTree = "<group>";
		};
		DA257F6F22FB502600CD90FD /* Solver */ = {
			isa = PBXGroup;
			children = (
				DA53F3BF22FB5187000A5B35 /* CommenModel */,
				DA53F3BC22FB509F000A5B35 /* Model */,
				DA53F3BB22FB5098000A5B35 /* Heuristic */,
				DA53F3BA22FB506F000A5B35 /* Algorithms */,
				DA257F7022FB502600CD90FD /* main.swift */,
				DA53F3C022FB51A2000A5B35 /* Protocols.swift */,
				DA53F3DF22FC5B67000A5B35 /* Util.swift */,
			);
			path = Solver;
			sourceTree = "<group>";
		};
		DA53F3BA22FB506F000A5B35 /* Algorithms */ = {
			isa = PBXGroup;
			children = (
				DA53F3C222FB52D8000A5B35 /* PlayerMove.swift */,
			);
			path = Algorithms;
			sourceTree = "<group>";
		};
		DA53F3BB22FB5098000A5B35 /* Heuristic */ = {
			isa = PBXGroup;
			children = (
			);
			path = Heuristic;
			sourceTree = "<group>";
		};
		DA53F3BC22FB509F000A5B35 /* Model */ = {
			isa = PBXGroup;
			children = (
				DA53F3C422FB5735000A5B35 /* GussingGame.swift */,
			);
			path = Model;
			sourceTree = "<group>";
		};
		DA53F3BF22FB5187000A5B35 /* CommenModel */ = {
			isa = PBXGroup;
			children = (
			);
			path = CommenModel;
			sourceTree = "<group>";
		};
/* End PBXGroup section */

/* Begin PBXNativeTarget section */
		DA257F6C22FB502600CD90FD /* Solver */ = {
			isa = PBXNativeTarget;
			buildConfigurationList = DA257F7422FB502600CD90FD /* Build configuration list for PBXNativeTarget "Solver" */;
			buildPhases = (
				DA257F6922FB502600CD90FD /* Sources */,
				DA257F6A22FB502600CD90FD /* Frameworks */,
				DA257F6B22FB502600CD90FD /* CopyFiles */,
			);
			buildRules = (
			);
			dependencies = (
			);
			name = Solver;
			productName = Solver;
			productReference = DA257F6D22FB502600CD90FD /* Solver */;
			productType = "com.apple.product-type.tool";
		};
/* End PBXNativeTarget section */

/* Begin PBXProject section */
		DA257F6522FB502600CD90FD /* Project object */ = {
			isa = PBXProject;
			attributes = {
				LastSwiftUpdateCheck = 1030;
				LastUpgradeCheck = 1030;
				ORGANIZATIONNAME = Toby;
				TargetAttributes = {
					DA257F6C22FB502600CD90FD = {
						CreatedOnToolsVersion = 10.3;
					};
				};
			};
			buildConfigurationList = DA257F6822FB502600CD90FD /* Build configuration list for PBXProject "Solver" */;
			compatibilityVersion = "Xcode 9.3";
			developmentRegion = en;
			hasScannedForEncodings = 0;
			knownRegions = (
				en,
			);
			mainGroup = DA257F6422FB502600CD90FD;
			productRefGroup = DA257F6E22FB502600CD90FD /* Products */;
			projectDirPath = "";
			projectRoot = "";
			targets = (
				DA257F6C22FB502600CD90FD /* Solver */,
			);
		};
/* End PBXProject section */

/* Begin PBXSourcesBuildPhase section */
		DA257F6922FB502600CD90FD /* Sources */ = {
			isa = PBXSourcesBuildPhase;
			buildActionMask = 2147483647;
			files = (
				DA53F3C322FB52D8000A5B35 /* PlayerMove.swift in Sources */,
				DA257F7122FB502600CD90FD /* main.swift in Sources */,
				DA53F3E022FC5B67000A5B35 /* Util.swift in Sources */,
				DA53F3C522FB5735000A5B35 /* GussingGame.swift in Sources */,
				DA53F3C122FB51A2000A5B35 /* Protocols.swift in Sources */,
			);
			runOnlyForDeploymentPostprocessing = 0;
		};
/* End PBXSourcesBuildPhase section */

/* Begin XCBuildConfiguration section */
		DA257F7222FB502600CD90FD /* Debug */ = {
			isa = XCBuildConfiguration;
			buildSettings = {
				ALWAYS_SEARCH_USER_PATHS = NO;
				CLANG_ANALYZER_NONNULL = YES;
				CLANG_ANALYZER_NUMBER_OBJECT_CONVERSION = YES_AGGRESSIVE;
				CLANG_CXX_LANGUAGE_STANDARD = "gnu++14";
				CLANG_CXX_LIBRARY = "libc++";
				CLANG_ENABLE_MODULES = YES;
				CLANG_ENABLE_OBJC_ARC = YES;
				CLANG_ENABLE_OBJC_WEAK = YES;
				CLANG_WARN_BLOCK_CAPTURE_AUTORELEASING = YES;
				CLANG_WARN_BOOL_CONVERSION = YES;
				CLANG_WARN_COMMA = YES;
				CLANG_WARN_CONSTANT_CONVERSION = YES;
				CLANG_WARN_DEPRECATED_OBJC_IMPLEMENTATIONS = YES;
				CLANG_WARN_DIRECT_OBJC_ISA_USAGE = YES_ERROR;
				CLANG_WARN_DOCUMENTATION_COMMENTS = YES;
				CLANG_WARN_EMPTY_BODY = YES;
				CLANG_WARN_ENUM_CONVERSION = YES;
				CLANG_WARN_INFINITE_RECURSION = YES;
				CLANG_WARN_INT_CONVERSION = YES;
				CLANG_WARN_NON_LITERAL_NULL_CONVERSION = YES;
				CLANG_WARN_OBJC_IMPLICIT_RETAIN_SELF = YES;
				CLANG_WARN_OBJC_LITERAL_CONVERSION = YES;
				CLANG_WARN_OBJC_ROOT_CLASS = YES_ERROR;
				CLANG_WARN_RANGE_LOOP_ANALYSIS = YES;
				CLANG_WARN_STRICT_PROTOTYPES = YES;
				CLANG_WARN_SUSPICIOUS_MOVE = YES;
				CLANG_WARN_UNGUARDED_AVAILABILITY = YES_AGGRESSIVE;
				CLANG_WARN_UNREACHABLE_CODE = YES;
				CLANG_WARN__DUPLICATE_METHOD_MATCH = YES;
				CODE_SIGN_IDENTITY = "-";
				COPY_PHASE_STRIP = NO;
				DEBUG_INFORMATION_FORMAT = dwarf;
				ENABLE_STRICT_OBJC_MSGSEND = YES;
				ENABLE_TESTABILITY = YES;
				GCC_C_LANGUAGE_STANDARD = gnu11;
				GCC_DYNAMIC_NO_PIC = NO;
				GCC_NO_COMMON_BLOCKS = YES;
				GCC_OPTIMIZATION_LEVEL = 0;
				GCC_PREPROCESSOR_DEFINITIONS = (
					"DEBUG=1",
					"$(inherited)",
				);
				GCC_WARN_64_TO_32_BIT_CONVERSION = YES;
				GCC_WARN_ABOUT_RETURN_TYPE = YES_ERROR;
				GCC_WARN_UNDECLARED_SELECTOR = YES;
				GCC_WARN_UNINITIALIZED_AUTOS = YES_AGGRESSIVE;
				GCC_WARN_UNUSED_FUNCTION = YES;
				GCC_WARN_UNUSED_VARIABLE = YES;
				MACOSX_DEPLOYMENT_TARGET = 10.14;
				MTL_ENABLE_DEBUG_INFO = INCLUDE_SOURCE;
				MTL_FAST_MATH = YES;
				ONLY_ACTIVE_ARCH = YES;
				SDKROOT = macosx;
				SWIFT_ACTIVE_COMPILATION_CONDITIONS = DEBUG;
				SWIFT_OPTIMIZATION_LEVEL = "-Onone";
			};
			name = Debug;
		};
		DA257F7322FB502600CD90FD /* Release */ = {
			isa = XCBuildConfiguration;
			buildSettings = {
				ALWAYS_SEARCH_USER_PATHS = NO;
				CLANG_ANALYZER_NONNULL = YES;
				CLANG_ANALYZER_NUMBER_OBJECT_CONVERSION = YES_AGGRESSIVE;
				CLANG_CXX_LANGUAGE_STANDARD = "gnu++14";
				CLANG_CXX_LIBRARY = "libc++";
				CLANG_ENABLE_MODULES = YES;
				CLANG_ENABLE_OBJC_ARC = YES;
				CLANG_ENABLE_OBJC_WEAK = YES;
				CLANG_WARN_BLOCK_CAPTURE_AUTORELEASING = YES;
				CLANG_WARN_BOOL_CONVERSION = YES;
				CLANG_WARN_COMMA = YES;
				CLANG_WARN_CONSTANT_CONVERSION = YES;
				CLANG_WARN_DEPRECATED_OBJC_IMPLEMENTATIONS = YES;
				CLANG_WARN_DIRECT_OBJC_ISA_USAGE = YES_ERROR;
				CLANG_WARN_DOCUMENTATION_COMMENTS = YES;
				CLANG_WARN_EMPTY_BODY = YES;
				CLANG_WARN_ENUM_CONVERSION = YES;
				CLANG_WARN_INFINITE_RECURSION = YES;
				CLANG_WARN_INT_CONVERSION = YES;
				CLANG_WARN_NON_LITERAL_NULL_CONVERSION = YES;
				CLANG_WARN_OBJC_IMPLICIT_RETAIN_SELF = YES;
				CLANG_WARN_OBJC_LITERAL_CONVERSION = YES;
				CLANG_WARN_OBJC_ROOT_CLASS = YES_ERROR;
				CLANG_WARN_RANGE_LOOP_ANALYSIS = YES;
				CLANG_WARN_STRICT_PROTOTYPES = YES;
				CLANG_WARN_SUSPICIOUS_MOVE = YES;
				CLANG_WARN_UNGUARDED_AVAILABILITY = YES_AGGRESSIVE;
				CLANG_WARN_UNREACHABLE_CODE = YES;
				CLANG_WARN__DUPLICATE_METHOD_MATCH = YES;
				CODE_SIGN_IDENTITY = "-";
				COPY_PHASE_STRIP = NO;
				DEBUG_INFORMATION_FORMAT = "dwarf-with-dsym";
				ENABLE_NS_ASSERTIONS = NO;
				ENABLE_STRICT_OBJC_MSGSEND = YES;
				GCC_C_LANGUAGE_STANDARD = gnu11;
				GCC_NO_COMMON_BLOCKS = YES;
				GCC_WARN_64_TO_32_BIT_CONVERSION = YES;
				GCC_WARN_ABOUT_RETURN_TYPE = YES_ERROR;
				GCC_WARN_UNDECLARED_SELECTOR = YES;
				GCC_WARN_UNINITIALIZED_AUTOS = YES_AGGRESSIVE;
				GCC_WARN_UNUSED_FUNCTION = YES;
				GCC_WARN_UNUSED_VARIABLE = YES;
				MACOSX_DEPLOYMENT_TARGET = 10.14;
				MTL_ENABLE_DEBUG_INFO = NO;
				MTL_FAST_MATH = YES;
				SDKROOT = macosx;
				SWIFT_COMPILATION_MODE = wholemodule;
				SWIFT_OPTIMIZATION_LEVEL = "-O";
			};
			name = Release;
		};
		DA257F7522FB502600CD90FD /* Debug */ = {
			isa = XCBuildConfiguration;
			buildSettings = {
				CODE_SIGN_STYLE = Automatic;
				PRODUCT_NAME = "$(TARGET_NAME)";
				SWIFT_VERSION = 5.0;
			};
			name = Debug;
		};
		DA257F7622FB502600CD90FD /* Release */ = {
			isa = XCBuildConfiguration;
			buildSettings = {
				CODE_SIGN_STYLE = Automatic;
				PRODUCT_NAME = "$(TARGET_NAME)";
				SWIFT_VERSION = 5.0;
			};
			name = Release;
		};
/* End XCBuildConfiguration section */

/* Begin XCConfigurationList section */
		DA257F6822FB502600CD90FD /* Build configuration list for PBXProject "Solver" */ = {
			isa = XCConfigurationList;
			buildConfigurations = (
				DA257F7222FB502600CD90FD /* Debug */,
				DA257F7322FB502600CD90FD /* Release */,
			);
			defaultConfigurationIsVisible = 0;
			defaultConfigurationName = Release;
		};
		DA257F7422FB502600CD90FD /* Build configuration list for PBXNativeTarget "Solver" */ = {
			isa = XCConfigurationList;
			buildConfigurations = (
				DA257F7522FB502600CD90FD /* Debug */,
				DA257F7622FB502600CD90FD /* Release */,
			);
			defaultConfigurationIsVisible = 0;
			defaultConfigurationName = Release;
		};
/* End XCConfigurationList section */
	};
	rootObject = DA257F6522FB502600CD90FD /* Project object */;
}
